Microsoft Visual Studio Solution File, Format Version 12.00
# Visual Studio Version 17
VisualStudioVersion = 17.5.2.0
MinimumVisualStudioVersion = 10.0.40219.1
Project("{FAE04EC0-301F-11D3-BF4B-00C04F79EFBC}") = "VintageCarts", "VintageCarts.csproj", "{FA834272-6A9E-DAF5-ACD9-4D17ADF9DFA7}"
EndProject
Global
	GlobalSection(SolutionConfigurationPlatforms) = preSolution
		Debug|Any CPU = Debug|Any CPU
		Release|Any CPU = Release|Any CPU
	EndGlobalSection
	GlobalSection(ProjectConfigurationPlatforms) = postSolution
		{FA834272-6A9E-DAF5-ACD9-4D17ADF9DFA7}.Debug|Any CPU.ActiveCfg = Debug|Any CPU
		{FA834272-6A9E-DAF5-ACD9-4D17ADF9DFA7}.Debug|Any CPU.Build.0 = Debug|Any CPU
		{FA834272-6A9E-DAF5-ACD9-4D17ADF9DFA7}.Release|Any CPU.ActiveCfg = Release|Any CPU
		{FA834272-6A9E-DAF5-ACD9-4D17ADF9DFA7}.Release|Any CPU.Build.0 = Release|Any CPU
	EndGlobalSection
	GlobalSection(SolutionProperties) = preSolution
		HideSolutionNode = FALSE
	EndGlobalSection
	GlobalSection(ExtensibilityGlobals) = postSolution
		SolutionGuid = {7F4F203A-F2AA-4AA4-AE90-B3A0E83C090A}
	EndGlobalSection
EndGlobal
